// !$*UTF8*$!
{
	archiveVersion = 1;
	classes = {
	};
	objectVersion = 50;
	objects = {

/* Begin PBXBuildFile section */
		333D33A421037CB800D9247E /* PageViewController.swift in Sources */ = {isa = PBXBuildFile; fileRef = 333D33A321037CB800D9247E /* PageViewController.swift */; };
		333D33A6210386B700D9247E /* TextViewController.swift in Sources */ = {isa = PBXBuildFile; fileRef = 333D33A5210386B700D9247E /* TextViewController.swift */; };
		33575F1720F265ED003D29D9 /* AppDelegate.swift in Sources */ = {isa = PBXBuildFile; fileRef = 33575F1620F265ED003D29D9 /* AppDelegate.swift */; };
		33575F1C20F265ED003D29D9 /* Main.storyboard in Resources */ = {isa = PBXBuildFile; fileRef = 33575F1A20F265ED003D29D9 /* Main.storyboard */; };
		33575F1F20F265ED003D29D9 /* handheld_gps.xcdatamodeld in Sources */ = {isa = PBXBuildFile; fileRef = 33575F1D20F265ED003D29D9 /* handheld_gps.xcdatamodeld */; };
		33575F2120F265EF003D29D9 /* Assets.xcassets in Resources */ = {isa = PBXBuildFile; fileRef = 33575F2020F265EF003D29D9 /* Assets.xcassets */; };
		33575F2420F265F0003D29D9 /* LaunchScreen.storyboard in Resources */ = {isa = PBXBuildFile; fileRef = 33575F2220F265F0003D29D9 /* LaunchScreen.storyboard */; };
		33575F2C20F266B0003D29D9 /* MapViewController.swift in Sources */ = {isa = PBXBuildFile; fileRef = 33575F2B20F266B0003D29D9 /* MapViewController.swift */; };
		33575F2F20F2A753003D29D9 /* CoreLocation.framework in Frameworks */ = {isa = PBXBuildFile; fileRef = 33575F2E20F2A753003D29D9 /* CoreLocation.framework */; };
/* End PBXBuildFile section */

/* Begin PBXFileReference section */
		333D33A321037CB800D9247E /* PageViewController.swift */ = {isa = PBXFileReference; lastKnownFileType = sourcecode.swift; path = PageViewController.swift; sourceTree = "<group>"; };
		333D33A5210386B700D9247E /* TextViewController.swift */ = {isa = PBXFileReference; lastKnownFileType = sourcecode.swift; path = TextViewController.swift; sourceTree = "<group>"; };
		33575F1320F265ED003D29D9 /* handheld-gps.app */ = {isa = PBXFileReference; explicitFileType = wrapper.application; includeInIndex = 0; path = "handheld-gps.app"; sourceTree = BUILT_PRODUCTS_DIR; };
		33575F1620F265ED003D29D9 /* AppDelegate.swift */ = {isa = PBXFileReference; lastKnownFileType = sourcecode.swift; path = AppDelegate.swift; sourceTree = "<group>"; };
		33575F1B20F265ED003D29D9 /* Base */ = {isa = PBXFileReference; lastKnownFileType = file.storyboard; name = Base; path = Base.lproj/Main.storyboard; sourceTree = "<group>"; };
		33575F1E20F265ED003D29D9 /* handheld_gps.xcdatamodel */ = {isa = PBXFileReference; lastKnownFileType = wrapper.xcdatamodel; path = handheld_gps.xcdatamodel; sourceTree = "<group>"; };
		33575F2020F265EF003D29D9 /* Assets.xcassets */ = {isa = PBXFileReference; lastKnownFileType = folder.assetcatalog; path = Assets.xcassets; sourceTree = "<group>"; };
		33575F2320F265F0003D29D9 /* Base */ = {isa = PBXFileReference; lastKnownFileType = file.storyboard; name = Base; path = Base.lproj/LaunchScreen.storyboard; sourceTree = "<group>"; };
		33575F2520F265F0003D29D9 /* Info.plist */ = {isa = PBXFileReference; lastKnownFileType = text.plist.xml; path = Info.plist; sourceTree = "<group>"; };
		33575F2B20F266B0003D29D9 /* MapViewController.swift */ = {isa = PBXFileReference; lastKnownFileType = sourcecode.swift; path = MapViewController.swift; sourceTree = "<group>"; };
		33575F2E20F2A753003D29D9 /* CoreLocation.framework */ = {isa = PBXFileReference; lastKnownFileType = wrapper.framework; name = CoreLocation.framework; path = System/Library/Frameworks/CoreLocation.framework; sourceTree = SDKROOT; };
/* End PBXFileReference section */

/* Begin PBXFrameworksBuildPhase section */
		33575F1020F265ED003D29D9 /* Frameworks */ = {
			isa = PBXFrameworksBuildPhase;
			buildActionMask = 2147483647;
			files = (
				33575F2F20F2A753003D29D9 /* CoreLocation.framework in Frameworks */,
			);
			runOnlyForDeploymentPostprocessing = 0;
		};
/* End PBXFrameworksBuildPhase section */

/* Begin PBXGroup section */
		33575F0A20F265EC003D29D9 = {
			isa = PBXGroup;
			children = (
				33575F1520F265ED003D29D9 /* handheld-gps */,
				33575F1420F265ED003D29D9 /* Products */,
				33575F2D20F2A753003D29D9 /* Frameworks */,
			);
			sourceTree = "<group>";
		};
		33575F1420F265ED003D29D9 /* Products */ = {
			isa = PBXGroup;
			children = (
				33575F1320F265ED003D29D9 /* handheld-gps.app */,
			);
			name = Products;
			sourceTree = "<group>";
		};
		33575F1520F265ED003D29D9 /* handheld-gps */ = {
			isa = PBXGroup;
			children = (
				333D33A321037CB800D9247E /* PageViewController.swift */,
				33575F1620F265ED003D29D9 /* AppDelegate.swift */,
				33575F2B20F266B0003D29D9 /* MapViewController.swift */,
				333D33A5210386B700D9247E /* TextViewController.swift */,
				33575F1A20F265ED003D29D9 /* Main.storyboard */,
				33575F2020F265EF003D29D9 /* Assets.xcassets */,
				33575F2220F265F0003D29D9 /* LaunchScreen.storyboard */,
				33575F2520F265F0003D29D9 /* Info.plist */,
				33575F1D20F265ED003D29D9 /* handheld_gps.xcdatamodeld */,
			);
			path = "handheld-gps";
			sourceTree = "<group>";
		};
		33575F2D20F2A753003D29D9 /* Frameworks */ = {
			isa = PBXGroup;
			children = (
				33575F2E20F2A753003D29D9 /* CoreLocation.framework */,
			);
			name = Frameworks;
			sourceTree = "<group>";
		};
/* End PBXGroup section */

/* Begin PBXNativeTarget section */
		33575F1220F265ED003D29D9 /* handheld-gps */ = {
			isa = PBXNativeTarget;
			buildConfigurationList = 33575F2820F265F0003D29D9 /* Build configuration list for PBXNativeTarget "handheld-gps" */;
			buildPhases = (
				33575F0F20F265ED003D29D9 /* Sources */,
				33575F1020F265ED003D29D9 /* Frameworks */,
				33575F1120F265ED003D29D9 /* Resources */,
			);
			buildRules = (
			);
			dependencies = (
			);
			name = "handheld-gps";
			productName = "handheld-gps";
			productReference = 33575F1320F265ED003D29D9 /* handheld-gps.app */;
			productType = "com.apple.product-type.application";
		};
/* End PBXNativeTarget section */

/* Begin PBXProject section */
		33575F0B20F265EC003D29D9 /* Project object */ = {
			isa = PBXProject;
			attributes = {
				LastSwiftUpdateCheck = 0940;
				LastUpgradeCheck = 0940;
				ORGANIZATIONNAME = "David Griffiths";
				TargetAttributes = {
					33575F1220F265ED003D29D9 = {
						CreatedOnToolsVersion = 9.4.1;
					};
				};
			};
			buildConfigurationList = 33575F0E20F265EC003D29D9 /* Build configuration list for PBXProject "handheld-gps" */;
			compatibilityVersion = "Xcode 9.3";
			developmentRegion = en;
			hasScannedForEncodings = 0;
			knownRegions = (
				en,
				Base,
			);
			mainGroup = 33575F0A20F265EC003D29D9;
			productRefGroup = 33575F1420F265ED003D29D9 /* Products */;
			projectDirPath = "";
			projectRoot = "";
			targets = (
				33575F1220F265ED003D29D9 /* handheld-gps */,
			);
		};
/* End PBXProject section */

/* Begin PBXResourcesBuildPhase section */
		33575F1120F265ED003D29D9 /* Resources */ = {
			isa = PBXResourcesBuildPhase;
			buildActionMask = 2147483647;
			files = (
				33575F2420F265F0003D29D9 /* LaunchScreen.storyboard in Resources */,
				33575F2120F265EF003D29D9 /* Assets.xcassets in Resources */,
				33575F1C20F265ED003D29D9 /* Main.storyboard in Resources */,
			);
			runOnlyForDeploymentPostprocessing = 0;
		};
/* End PBXResourcesBuildPhase section */

/* Begin PBXSourcesBuildPhase section */
		33575F0F20F265ED003D29D9 /* Sources */ = {
			isa = PBXSourcesBuildPhase;
			buildActionMask = 2147483647;
			files = (
				333D33A6210386B700D9247E /* TextViewController.swift in Sources */,
				33575F2C20F266B0003D29D9 /* MapViewController.swift in Sources */,
				33575F1720F265ED003D29D9 /* AppDelegate.swift in Sources */,
				33575F1F20F265ED003D29D9 /* handheld_gps.xcdatamodeld in Sources */,
				333D33A421037CB800D9247E /* PageViewController.swift in Sources */,
			);
			runOnlyForDeploymentPostprocessing = 0;
		};
/* End PBXSourcesBuildPhase section */

/* Begin PBXVariantGroup section */
		33575F1A20F265ED003D29D9 /* Main.storyboard */ = {
			isa = PBXVariantGroup;
			children = (
				33575F1B20F265ED003D29D9 /* Base */,
			);
			name = Main.storyboard;
			sourceTree = "<group>";
		};
		33575F2220F265F0003D29D9 /* LaunchScreen.storyboard */ = {
			isa = PBXVariantGroup;
			children = (
				33575F2320F265F0003D29D9 /* Base */,
			);
			name = LaunchScreen.storyboard;
			sourceTree = "<group>";
		};
/* End PBXVariantGroup section */

/* Begin XCBuildConfiguration section */
		33575F2620F265F0003D29D9 /* Debug */ = {
			isa = XCBuildConfiguration;
			buildSettings = {
				ALWAYS_SEARCH_USER_PATHS = NO;
				CLANG_ANALYZER_NONNULL = YES;
				CLANG_ANALYZER_NUMBER_OBJECT_CONVERSION = YES_AGGRESSIVE;
				CLANG_CXX_LANGUAGE_STANDARD = "gnu++14";
				CLANG_CXX_LIBRARY = "libc++";
				CLANG_ENABLE_MODULES = YES;
				CLANG_ENABLE_OBJC_ARC = YES;
				CLANG_ENABLE_OBJC_WEAK = YES;
				CLANG_WARN_BLOCK_CAPTURE_AUTORELEASING = YES;
				CLANG_WARN_BOOL_CONVERSION = YES;
				CLANG_WARN_COMMA = YES;
				CLANG_WARN_CONSTANT_CONVERSION = YES;
				CLANG_WARN_DEPRECATED_OBJC_IMPLEMENTATIONS = YES;
				CLANG_WARN_DIRECT_OBJC_ISA_USAGE = YES_ERROR;
				CLANG_WARN_DOCUMENTATION_COMMENTS = YES;
				CLANG_WARN_EMPTY_BODY = YES;
				CLANG_WARN_ENUM_CONVERSION = YES;
				CLANG_WARN_INFINITE_RECURSION = YES;
				CLANG_WARN_INT_CONVERSION = YES;
				CLANG_WARN_NON_LITERAL_NULL_CONVERSION = YES;
				CLANG_WARN_OBJC_IMPLICIT_RETAIN_SELF = YES;
				CLANG_WARN_OBJC_LITERAL_CONVERSION = YES;
				CLANG_WARN_OBJC_ROOT_CLASS = YES_ERROR;
				CLANG_WARN_RANGE_LOOP_ANALYSIS = YES;
				CLANG_WARN_STRICT_PROTOTYPES = YES;
				CLANG_WARN_SUSPICIOUS_MOVE = YES;
				CLANG_WARN_UNGUARDED_AVAILABILITY = YES_AGGRESSIVE;
				CLANG_WARN_UNREACHABLE_CODE = YES;
				CLANG_WARN__DUPLICATE_METHOD_MATCH = YES;
				CODE_SIGN_IDENTITY = "iPhone Developer";
				COPY_PHASE_STRIP = NO;
				DEBUG_INFORMATION_FORMAT = dwarf;
				ENABLE_STRICT_OBJC_MSGSEND = YES;
				ENABLE_TESTABILITY = YES;
				GCC_C_LANGUAGE_STANDARD = gnu11;
				GCC_DYNAMIC_NO_PIC = NO;
				GCC_NO_COMMON_BLOCKS = YES;
				GCC_OPTIMIZATION_LEVEL = 0;
				GCC_PREPROCESSOR_DEFINITIONS = (
					"DEBUG=1",
					"$(inherited)",
				);
				GCC_WARN_64_TO_32_BIT_CONVERSION = YES;
				GCC_WARN_ABOUT_RETURN_TYPE = YES_ERROR;
				GCC_WARN_UNDECLARED_SELECTOR = YES;
				GCC_WARN_UNINITIALIZED_AUTOS = YES_AGGRESSIVE;
				GCC_WARN_UNUSED_FUNCTION = YES;
				GCC_WARN_UNUSED_VARIABLE = YES;
				IPHONEOS_DEPLOYMENT_TARGET = 11.4;
				MTL_ENABLE_DEBUG_INFO = YES;
				ONLY_ACTIVE_ARCH = YES;
				SDKROOT = iphoneos;
				SWIFT_ACTIVE_COMPILATION_CONDITIONS = DEBUG;
				SWIFT_OPTIMIZATION_LEVEL = "-Onone";
			};
			name = Debug;
		};
		33575F2720F265F0003D29D9 /* Release */ = {
			isa = XCBuildConfiguration;
			buildSettings = {
				ALWAYS_SEARCH_USER_PATHS = NO;
				CLANG_ANALYZER_NONNULL = YES;
				CLANG_ANALYZER_NUMBER_OBJECT_CONVERSION = YES_AGGRESSIVE;
				CLANG_CXX_LANGUAGE_STANDARD = "gnu++14";
				CLANG_CXX_LIBRARY = "libc++";
				CLANG_ENABLE_MODULES = YES;
				CLANG_ENABLE_OBJC_ARC = YES;
				CLANG_ENABLE_OBJC_WEAK = YES;
				CLANG_WARN_BLOCK_CAPTURE_AUTORELEASING = YES;
				CLANG_WARN_BOOL_CONVERSION = YES;
				CLANG_WARN_COMMA = YES;
				CLANG_WARN_CONSTANT_CONVERSION = YES;
				CLANG_WARN_DEPRECATED_OBJC_IMPLEMENTATIONS = YES;
				CLANG_WARN_DIRECT_OBJC_ISA_USAGE = YES_ERROR;
				CLANG_WARN_DOCUMENTATION_COMMENTS = YES;
				CLANG_WARN_EMPTY_BODY = YES;
				CLANG_WARN_ENUM_CONVERSION = YES;
				CLANG_WARN_INFINITE_RECURSION = YES;
				CLANG_WARN_INT_CONVERSION = YES;
				CLANG_WARN_NON_LITERAL_NULL_CONVERSION = YES;
				CLANG_WARN_OBJC_IMPLICIT_RETAIN_SELF = YES;
				CLANG_WARN_OBJC_LITERAL_CONVERSION = YES;
				CLANG_WARN_OBJC_ROOT_CLASS = YES_ERROR;
				CLANG_WARN_RANGE_LOOP_ANALYSIS = YES;
				CLANG_WARN_STRICT_PROTOTYPES = YES;
				CLANG_WARN_SUSPICIOUS_MOVE = YES;
				CLANG_WARN_UNGUARDED_AVAILABILITY = YES_AGGRESSIVE;
				CLANG_WARN_UNREACHABLE_CODE = YES;
				CLANG_WARN__DUPLICATE_METHOD_MATCH = YES;
				CODE_SIGN_IDENTITY = "iPhone Developer";
				COPY_PHASE_STRIP = NO;
				DEBUG_INFORMATION_FORMAT = "dwarf-with-dsym";
				ENABLE_NS_ASSERTIONS = NO;
				ENABLE_STRICT_OBJC_MSGSEND = YES;
				GCC_C_LANGUAGE_STANDARD = gnu11;
				GCC_NO_COMMON_BLOCKS = YES;
				GCC_WARN_64_TO_32_BIT_CONVERSION = YES;
				GCC_WARN_ABOUT_RETURN_TYPE = YES_ERROR;
				GCC_WARN_UNDECLARED_SELECTOR = YES;
				GCC_WARN_UNINITIALIZED_AUTOS = YES_AGGRESSIVE;
				GCC_WARN_UNUSED_FUNCTION = YES;
				GCC_WARN_UNUSED_VARIABLE = YES;
				IPHONEOS_DEPLOYMENT_TARGET = 11.4;
				MTL_ENABLE_DEBUG_INFO = NO;
				SDKROOT = iphoneos;
				SWIFT_COMPILATION_MODE = wholemodule;
				SWIFT_OPTIMIZATION_LEVEL = "-O";
				VALIDATE_PRODUCT = YES;
			};
			name = Release;
		};
		33575F2920F265F0003D29D9 /* Debug */ = {
			isa = XCBuildConfiguration;
			buildSettings = {
				ASSETCATALOG_COMPILER_APPICON_NAME = AppIcon;
				CODE_SIGN_STYLE = Automatic;
				DEVELOPMENT_TEAM = W698FPRCQN;
				INFOPLIST_FILE = "handheld-gps/Info.plist";
				LD_RUNPATH_SEARCH_PATHS = (
					"$(inherited)",
					"@executable_path/Frameworks",
				);
				PRODUCT_BUNDLE_IDENTIFIER = "DNG.handheld-gps";
				PRODUCT_NAME = "$(TARGET_NAME)";
				SWIFT_VERSION = 4.0;
				TARGETED_DEVICE_FAMILY = "1,2";
			};
			name = Debug;
		};
		33575F2A20F265F0003D29D9 /* Release */ = {
			isa = XCBuildConfiguration;
			buildSettings = {
				ASSETCATALOG_COMPILER_APPICON_NAME = AppIcon;
				CODE_SIGN_STYLE = Automatic;
				DEVELOPMENT_TEAM = W698FPRCQN;
				INFOPLIST_FILE = "handheld-gps/Info.plist";
				LD_RUNPATH_SEARCH_PATHS = (
					"$(inherited)",
					"@executable_path/Frameworks",
				);
				PRODUCT_BUNDLE_IDENTIFIER = "DNG.handheld-gps";
				PRODUCT_NAME = "$(TARGET_NAME)";
				SWIFT_VERSION = 4.0;
				TARGETED_DEVICE_FAMILY = "1,2";
			};
			name = Release;
		};
/* End XCBuildConfiguration section */

/* Begin XCConfigurationList section */
		33575F0E20F265EC003D29D9 /* Build configuration list for PBXProject "handheld-gps" */ = {
			isa = XCConfigurationList;
			buildConfigurations = (
				33575F2620F265F0003D29D9 /* Debug */,
				33575F2720F265F0003D29D9 /* Release */,
			);
			defaultConfigurationIsVisible = 0;
			defaultConfigurationName = Release;
		};
		33575F2820F265F0003D29D9 /* Build configuration list for PBXNativeTarget "handheld-gps" */ = {
			isa = XCConfigurationList;
			buildConfigurations = (
				33575F2920F265F0003D29D9 /* Debug */,
				33575F2A20F265F0003D29D9 /* Release */,
			);
			defaultConfigurationIsVisible = 0;
			defaultConfigurationName = Release;
		};
/* End XCConfigurationList section */

/* Begin XCVersionGroup section */
		33575F1D20F265ED003D29D9 /* handheld_gps.xcdatamodeld */ = {
			isa = XCVersionGroup;
			children = (
				33575F1E20F265ED003D29D9 /* handheld_gps.xcdatamodel */,
			);
			currentVersion = 33575F1E20F265ED003D29D9 /* handheld_gps.xcdatamodel */;
			path = handheld_gps.xcdatamodeld;
			sourceTree = "<group>";
			versionGroupType = wrapper.xcdatamodel;
		};
/* End XCVersionGroup section */
	};
	rootObject = 33575F0B20F265EC003D29D9 /* Project object */;
}
